
Microsoft Visual Studio Solution File, Format Version 12.00
# Visual Studio Version 17
VisualStudioVersion = 17.11.35312.102
MinimumVisualStudioVersion = 10.0.40219.1
Project("{2150E333-8FDC-42A3-9474-1A3956D46DE8}") = "Task0", "Task0", "{79DD54EA-9003-45B4-AE19-C09DAF649F4E}"
EndProject
Project("{9A19103F-16F7-4668-BE54-9A1E7A4F7556}") = "Tyuiu.PredygerKK.Sprint6.Task0.V17.Lib", "Tyuiu.PredygerKK.Sprint6.Task0.V17.Lib\Tyuiu.PredygerKK.Sprint6.Task0.V17.Lib.csproj", "{4928433C-2F11-4D10-92C4-661B04B9D3EB}"
EndProject
Project("{9A19103F-16F7-4668-BE54-9A1E7A4F7556}") = "Tyuiu.PredygerKK.Sprint6.Task0.V17.Test", "Tyuiu.PredygerKK.Sprint6.Task0.V17.Test\Tyuiu.PredygerKK.Sprint6.Task0.V17.Test.csproj", "{84A0D7D7-2C0F-44DC-A572-1DD41317A209}"
EndProject
Project("{9A19103F-16F7-4668-BE54-9A1E7A4F7556}") = "Tyuiu.PredygerKK.Sprint6.Task0.V17", "Tyuiu.PredygerKK.Sprint6.Task0.V17\Tyuiu.PredygerKK.Sprint6.Task0.V17.csproj", "{06685AA2-DD92-4805-927F-414E3F167AA1}"
EndProject
Project("{2150E333-8FDC-42A3-9474-1A3956D46DE8}") = "Task1", "Task1", "{6D1A5D96-ACFF-428A-ACF3-FAA0D3FC0C8C}"
EndProject
Project("{2150E333-8FDC-42A3-9474-1A3956D46DE8}") = "Task2", "Task2", "{3BD1F4E8-338F-4087-BA6F-C73FD36080B9}"
EndProject
Project("{9A19103F-16F7-4668-BE54-9A1E7A4F7556}") = "Tyuiu.PredygerKK.Sprint6.Task1.V27", "Tyuiu.PredygerKK.Sprint6.Task1.V27\Tyuiu.PredygerKK.Sprint6.Task1.V27.csproj", "{D051653C-52D7-4CC6-9C34-D68AECEE83CA}"
EndProject
Project("{9A19103F-16F7-4668-BE54-9A1E7A4F7556}") = "Tyuiu.PredygerKK.Sprint6.Task1.V27.Lib", "Tyuiu.PredygerKK.Sprint6.Task1.V27.Lib\Tyuiu.PredygerKK.Sprint6.Task1.V27.Lib.csproj", "{8ECC6BEB-7D24-47CD-AE8C-D34FAE7BBBED}"
EndProject
Project("{9A19103F-16F7-4668-BE54-9A1E7A4F7556}") = "Tyuiu.PredygerKK.Sprint6.Task1.V27.Test", "Tyuiu.PredygerKK.Sprint6.Task1.V27.Test\Tyuiu.PredygerKK.Sprint6.Task1.V27.Test.csproj", "{26C4AB69-F4A2-405F-B55E-60B463B10ACE}"
EndProject
Project("{9A19103F-16F7-4668-BE54-9A1E7A4F7556}") = "Tyuiu.PredygerKK.Sprint6.Task2.V16", "Tyuiu.PredygerKK.Sprint6.Task2.V16\Tyuiu.PredygerKK.Sprint6.Task2.V16.csproj", "{674403FD-9C10-48C5-9578-9A5F3E7D2922}"
EndProject
Project("{9A19103F-16F7-4668-BE54-9A1E7A4F7556}") = "Tyuiu.PredygerKK.Sprint6.Task2.V16.Lib", "Tyuiu.PredygerKK.Sprint6.Task2.V16.Lib\Tyuiu.PredygerKK.Sprint6.Task2.V16.Lib.csproj", "{92439E3C-D47C-44B6-B692-0FC86E7A2E47}"
EndProject
Project("{9A19103F-16F7-4668-BE54-9A1E7A4F7556}") = "Tyuiu.PredygerKK.Sprint6.Task2.V16.Test", "Tyuiu.PredygerKK.Sprint6.Task2.V16.Test\Tyuiu.PredygerKK.Sprint6.Task2.V16.Test.csproj", "{E423A6C1-F681-41B7-BDDE-09D8F67E3838}"
EndProject
Project("{2150E333-8FDC-42A3-9474-1A3956D46DE8}") = "Task3", "Task3", "{5DC32C75-6DBE-4AA5-8067-42EE792AD374}"
EndProject
Project("{9A19103F-16F7-4668-BE54-9A1E7A4F7556}") = "Tyuiu.PredygerKK.Sprint6.Task3.V20", "Tyuiu.PredygerKK.Sprint6.Task3.V20\Tyuiu.PredygerKK.Sprint6.Task3.V20.csproj", "{623D9DC9-7839-495B-AE57-FBA94EACBF22}"
EndProject
Project("{9A19103F-16F7-4668-BE54-9A1E7A4F7556}") = "Tyuiu.PredygerKK.Sprint6.Task3.V20.Lib", "Tyuiu.PredygerKK.Sprint6.Task3.V20.Lib\Tyuiu.PredygerKK.Sprint6.Task3.V20.Lib.csproj", "{84D6B253-2106-4021-97F0-A4A2A2E81A54}"
EndProject
Project("{9A19103F-16F7-4668-BE54-9A1E7A4F7556}") = "Tyuiu.PredygerKK.Sprint6.Task3.V20.Test", "Tyuiu.PredygerKK.Sprint6.Task3.V20.Test\Tyuiu.PredygerKK.Sprint6.Task3.V20.Test.csproj", "{D6808BBA-FAF1-4981-8364-F152EB7FD57F}"
EndProject
Project("{2150E333-8FDC-42A3-9474-1A3956D46DE8}") = "Task4", "Task4", "{0ACD3159-C643-431B-A1C8-53B7CCC0E5F4}"
EndProject
Project("{9A19103F-16F7-4668-BE54-9A1E7A4F7556}") = "Tyuiu.PredygerKK.Sprint6.Task4.V13", "Tyuiu.PredygerKK.Sprint6.Task4.V13\Tyuiu.PredygerKK.Sprint6.Task4.V13.csproj", "{D0C25064-5A46-4D3A-BF30-BC05BDDC04B1}"
EndProject
Project("{9A19103F-16F7-4668-BE54-9A1E7A4F7556}") = "Tyuiu.PredygerKK.Sprint6.Task4.V13.Lib", "Tyuiu.PredygerKK.Sprint6.Task4.V13.Lib\Tyuiu.PredygerKK.Sprint6.Task4.V13.Lib.csproj", "{75564470-7CDD-4D12-B34B-16C152B5619F}"
EndProject
Project("{9A19103F-16F7-4668-BE54-9A1E7A4F7556}") = "Tyuiu.PredygerKK.Sprint6.Task4.V13.Test", "Tyuiu.PredygerKK.Sprint6.Task4.V13.Test\Tyuiu.PredygerKK.Sprint6.Task4.V13.Test.csproj", "{8570B941-E168-4DD0-9C75-9F568C88A269}"
EndProject
Project("{2150E333-8FDC-42A3-9474-1A3956D46DE8}") = "Task5", "Task5", "{B2C9973B-B02B-413F-A130-C2D4A55966AA}"
EndProject
Project("{9A19103F-16F7-4668-BE54-9A1E7A4F7556}") = "Tyuiu.PredygerKK.Sprint6.Task5.V12", "Tyuiu.PredygerKK.Sprint6.Task5.V12\Tyuiu.PredygerKK.Sprint6.Task5.V12.csproj", "{4FF5D8CF-A518-488C-A463-82283787121A}"
EndProject
Project("{9A19103F-16F7-4668-BE54-9A1E7A4F7556}") = "Tyuiu.PredygerKK.Sprint6.Task5.V12.Lib", "Tyuiu.PredygerKK.Sprint6.Task5.V12.Lib\Tyuiu.PredygerKK.Sprint6.Task5.V12.Lib.csproj", "{01420525-FAA3-4858-B3FB-BC23BEC89FD3}"
EndProject
Project("{9A19103F-16F7-4668-BE54-9A1E7A4F7556}") = "Tyuiu.PredygerKK.Sprint6.Task5.V12.Test", "Tyuiu.PredygerKK.Sprint6.Task5.V12.Test\Tyuiu.PredygerKK.Sprint6.Task5.V12.Test.csproj", "{EBA5B0FC-10D7-465C-8A94-C00BA4FDC634}"
EndProject
Project("{2150E333-8FDC-42A3-9474-1A3956D46DE8}") = "Task6", "Task6", "{EA39055E-39A3-468C-AC4E-FA78F2E53FC4}"
EndProject
Project("{FAE04EC0-301F-11D3-BF4B-00C04F79EFBC}") = "Tyuiu.PredygerKK.Sprint6.Task6.V13.Lib", "Tyuiu.PredygerKK.Sprint6.Task6.V13.Lib\Tyuiu.PredygerKK.Sprint6.Task6.V13.Lib.csproj", "{105DE777-1C9E-494B-A0AF-FD672A40C2EF}"
EndProject
Project("{FAE04EC0-301F-11D3-BF4B-00C04F79EFBC}") = "Tyuiu.PredygerKK.Sprint6.Task6.V13.Test", "Tyuiu.PredygerKK.Sprint6.Task6.V13.Test\Tyuiu.PredygerKK.Sprint6.Task6.V13.Test.csproj", "{BB00A7E7-B391-41A9-9050-C8013F0A487E}"
EndProject
Project("{FAE04EC0-301F-11D3-BF4B-00C04F79EFBC}") = "Tyuiu.PredygerKK.Sprint6.Task6.V13", "Tyuiu.PredygerKK.Sprint6.Task6.V13\Tyuiu.PredygerKK.Sprint6.Task6.V13.csproj", "{AF1590FF-17BB-43EC-9083-13BC4BACF1D9}"
EndProject
Project("{2150E333-8FDC-42A3-9474-1A3956D46DE8}") = "Task7", "Task7", "{190F5080-F4D0-4747-A6B9-6C206F073C22}"
EndProject
Project("{FAE04EC0-301F-11D3-BF4B-00C04F79EFBC}") = "Tyuiu.PredygerKK.Sprint6.Task7.V8", "Tyuiu.PredygerKK.Sprint6.Task7.V8\Tyuiu.PredygerKK.Sprint6.Task7.V8.csproj", "{82348FC3-3385-4DDF-9B38-899A50CD5C79}"
EndProject
Project("{FAE04EC0-301F-11D3-BF4B-00C04F79EFBC}") = "Tyuiu.PredygerKK.Sprint6.Task7.V8.Test", "Tyuiu.PredygerKK.Sprint6.Task7.V8.Test\Tyuiu.PredygerKK.Sprint6.Task7.V8.Test.csproj", "{6F7C9D7E-10CA-428A-888E-D2E2EDFD7FCC}"
EndProject
Project("{FAE04EC0-301F-11D3-BF4B-00C04F79EFBC}") = "Tyuiu.PredygerKK.Sprint6.Task7.V8.Lib", "Tyuiu.PredygerKK.Sprint6.Task7.V8.Lib\Tyuiu.PredygerKK.Sprint6.Task7.V8.Lib.csproj", "{602F49DF-2326-4A3C-99CA-B20886503A2E}"
EndProject
Global
	GlobalSection(SolutionConfigurationPlatforms) = preSolution
		Debug|Any CPU = Debug|Any CPU
		Release|Any CPU = Release|Any CPU
	EndGlobalSection
	GlobalSection(ProjectConfigurationPlatforms) = postSolution
		{4928433C-2F11-4D10-92C4-661B04B9D3EB}.Debug|Any CPU.ActiveCfg = Debug|Any CPU
		{4928433C-2F11-4D10-92C4-661B04B9D3EB}.Debug|Any CPU.Build.0 = Debug|Any CPU
		{4928433C-2F11-4D10-92C4-661B04B9D3EB}.Release|Any CPU.ActiveCfg = Release|Any CPU
		{4928433C-2F11-4D10-92C4-661B04B9D3EB}.Release|Any CPU.Build.0 = Release|Any CPU
		{84A0D7D7-2C0F-44DC-A572-1DD41317A209}.Debug|Any CPU.ActiveCfg = Debug|Any CPU
		{84A0D7D7-2C0F-44DC-A572-1DD41317A209}.Debug|Any CPU.Build.0 = Debug|Any CPU
		{84A0D7D7-2C0F-44DC-A572-1DD41317A209}.Release|Any CPU.ActiveCfg = Release|Any CPU
		{84A0D7D7-2C0F-44DC-A572-1DD41317A209}.Release|Any CPU.Build.0 = Release|Any CPU
		{06685AA2-DD92-4805-927F-414E3F167AA1}.Debug|Any CPU.ActiveCfg = Debug|Any CPU
		{06685AA2-DD92-4805-927F-414E3F167AA1}.Debug|Any CPU.Build.0 = Debug|Any CPU
		{06685AA2-DD92-4805-927F-414E3F167AA1}.Release|Any CPU.ActiveCfg = Release|Any CPU
		{06685AA2-DD92-4805-927F-414E3F167AA1}.Release|Any CPU.Build.0 = Release|Any CPU
		{D051653C-52D7-4CC6-9C34-D68AECEE83CA}.Debug|Any CPU.ActiveCfg = Debug|Any CPU
		{D051653C-52D7-4CC6-9C34-D68AECEE83CA}.Debug|Any CPU.Build.0 = Debug|Any CPU
		{D051653C-52D7-4CC6-9C34-D68AECEE83CA}.Release|Any CPU.ActiveCfg = Release|Any CPU
		{D051653C-52D7-4CC6-9C34-D68AECEE83CA}.Release|Any CPU.Build.0 = Release|Any CPU
		{8ECC6BEB-7D24-47CD-AE8C-D34FAE7BBBED}.Debug|Any CPU.ActiveCfg = Debug|Any CPU
		{8ECC6BEB-7D24-47CD-AE8C-D34FAE7BBBED}.Debug|Any CPU.Build.0 = Debug|Any CPU
		{8ECC6BEB-7D24-47CD-AE8C-D34FAE7BBBED}.Release|Any CPU.ActiveCfg = Release|Any CPU
		{8ECC6BEB-7D24-47CD-AE8C-D34FAE7BBBED}.Release|Any CPU.Build.0 = Release|Any CPU
		{26C4AB69-F4A2-405F-B55E-60B463B10ACE}.Debug|Any CPU.ActiveCfg = Debug|Any CPU
		{26C4AB69-F4A2-405F-B55E-60B463B10ACE}.Debug|Any CPU.Build.0 = Debug|Any CPU
		{26C4AB69-F4A2-405F-B55E-60B463B10ACE}.Release|Any CPU.ActiveCfg = Release|Any CPU
		{26C4AB69-F4A2-405F-B55E-60B463B10ACE}.Release|Any CPU.Build.0 = Release|Any CPU
		{674403FD-9C10-48C5-9578-9A5F3E7D2922}.Debug|Any CPU.ActiveCfg = Debug|Any CPU
		{674403FD-9C10-48C5-9578-9A5F3E7D2922}.Debug|Any CPU.Build.0 = Debug|Any CPU
		{674403FD-9C10-48C5-9578-9A5F3E7D2922}.Release|Any CPU.ActiveCfg = Release|Any CPU
		{674403FD-9C10-48C5-9578-9A5F3E7D2922}.Release|Any CPU.Build.0 = Release|Any CPU
		{92439E3C-D47C-44B6-B692-0FC86E7A2E47}.Debug|Any CPU.ActiveCfg = Debug|Any CPU
		{92439E3C-D47C-44B6-B692-0FC86E7A2E47}.Debug|Any CPU.Build.0 = Debug|Any CPU
		{92439E3C-D47C-44B6-B692-0FC86E7A2E47}.Release|Any CPU.ActiveCfg = Release|Any CPU
		{92439E3C-D47C-44B6-B692-0FC86E7A2E47}.Release|Any CPU.Build.0 = Release|Any CPU
		{E423A6C1-F681-41B7-BDDE-09D8F67E3838}.Debug|Any CPU.ActiveCfg = Debug|Any CPU
		{E423A6C1-F681-41B7-BDDE-09D8F67E3838}.Debug|Any CPU.Build.0 = Debug|Any CPU
		{E423A6C1-F681-41B7-BDDE-09D8F67E3838}.Release|Any CPU.ActiveCfg = Release|Any CPU
		{E423A6C1-F681-41B7-BDDE-09D8F67E3838}.Release|Any CPU.Build.0 = Release|Any CPU
		{623D9DC9-7839-495B-AE57-FBA94EACBF22}.Debug|Any CPU.ActiveCfg = Debug|Any CPU
		{623D9DC9-7839-495B-AE57-FBA94EACBF22}.Debug|Any CPU.Build.0 = Debug|Any CPU
		{623D9DC9-7839-495B-AE57-FBA94EACBF22}.Release|Any CPU.ActiveCfg = Release|Any CPU
		{623D9DC9-7839-495B-AE57-FBA94EACBF22}.Release|Any CPU.Build.0 = Release|Any CPU
		{84D6B253-2106-4021-97F0-A4A2A2E81A54}.Debug|Any CPU.ActiveCfg = Debug|Any CPU
		{84D6B253-2106-4021-97F0-A4A2A2E81A54}.Debug|Any CPU.Build.0 = Debug|Any CPU
		{84D6B253-2106-4021-97F0-A4A2A2E81A54}.Release|Any CPU.ActiveCfg = Release|Any CPU
		{84D6B253-2106-4021-97F0-A4A2A2E81A54}.Release|Any CPU.Build.0 = Release|Any CPU
		{D6808BBA-FAF1-4981-8364-F152EB7FD57F}.Debug|Any CPU.ActiveCfg = Debug|Any CPU
		{D6808BBA-FAF1-4981-8364-F152EB7FD57F}.Debug|Any CPU.Build.0 = Debug|Any CPU
		{D6808BBA-FAF1-4981-8364-F152EB7FD57F}.Release|Any CPU.ActiveCfg = Release|Any CPU
		{D6808BBA-FAF1-4981-8364-F152EB7FD57F}.Release|Any CPU.Build.0 = Release|Any CPU
		{D0C25064-5A46-4D3A-BF30-BC05BDDC04B1}.Debug|Any CPU.ActiveCfg = Debug|Any CPU
		{D0C25064-5A46-4D3A-BF30-BC05BDDC04B1}.Debug|Any CPU.Build.0 = Debug|Any CPU
		{D0C25064-5A46-4D3A-BF30-BC05BDDC04B1}.Release|Any CPU.ActiveCfg = Release|Any CPU
		{D0C25064-5A46-4D3A-BF30-BC05BDDC04B1}.Release|Any CPU.Build.0 = Release|Any CPU
		{75564470-7CDD-4D12-B34B-16C152B5619F}.Debug|Any CPU.ActiveCfg = Debug|Any CPU
		{75564470-7CDD-4D12-B34B-16C152B5619F}.Debug|Any CPU.Build.0 = Debug|Any CPU
		{75564470-7CDD-4D12-B34B-16C152B5619F}.Release|Any CPU.ActiveCfg = Release|Any CPU
		{75564470-7CDD-4D12-B34B-16C152B5619F}.Release|Any CPU.Build.0 = Release|Any CPU
		{8570B941-E168-4DD0-9C75-9F568C88A269}.Debug|Any CPU.ActiveCfg = Debug|Any CPU
		{8570B941-E168-4DD0-9C75-9F568C88A269}.Debug|Any CPU.Build.0 = Debug|Any CPU
		{8570B941-E168-4DD0-9C75-9F568C88A269}.Release|Any CPU.ActiveCfg = Release|Any CPU
		{8570B941-E168-4DD0-9C75-9F568C88A269}.Release|Any CPU.Build.0 = Release|Any CPU
		{4FF5D8CF-A518-488C-A463-82283787121A}.Debug|Any CPU.ActiveCfg = Debug|Any CPU
		{4FF5D8CF-A518-488C-A463-82283787121A}.Debug|Any CPU.Build.0 = Debug|Any CPU
		{4FF5D8CF-A518-488C-A463-82283787121A}.Release|Any CPU.ActiveCfg = Release|Any CPU
		{4FF5D8CF-A518-488C-A463-82283787121A}.Release|Any CPU.Build.0 = Release|Any CPU
		{01420525-FAA3-4858-B3FB-BC23BEC89FD3}.Debug|Any CPU.ActiveCfg = Debug|Any CPU
		{01420525-FAA3-4858-B3FB-BC23BEC89FD3}.Debug|Any CPU.Build.0 = Debug|Any CPU
		{01420525-FAA3-4858-B3FB-BC23BEC89FD3}.Release|Any CPU.ActiveCfg = Release|Any CPU
		{01420525-FAA3-4858-B3FB-BC23BEC89FD3}.Release|Any CPU.Build.0 = Release|Any CPU
		{EBA5B0FC-10D7-465C-8A94-C00BA4FDC634}.Debug|Any CPU.ActiveCfg = Debug|Any CPU
		{EBA5B0FC-10D7-465C-8A94-C00BA4FDC634}.Debug|Any CPU.Build.0 = Debug|Any CPU
		{EBA5B0FC-10D7-465C-8A94-C00BA4FDC634}.Release|Any CPU.ActiveCfg = Release|Any CPU
		{EBA5B0FC-10D7-465C-8A94-C00BA4FDC634}.Release|Any CPU.Build.0 = Release|Any CPU
		{105DE777-1C9E-494B-A0AF-FD672A40C2EF}.Debug|Any CPU.ActiveCfg = Debug|Any CPU
		{105DE777-1C9E-494B-A0AF-FD672A40C2EF}.Debug|Any CPU.Build.0 = Debug|Any CPU
		{105DE777-1C9E-494B-A0AF-FD672A40C2EF}.Release|Any CPU.ActiveCfg = Release|Any CPU
		{105DE777-1C9E-494B-A0AF-FD672A40C2EF}.Release|Any CPU.Build.0 = Release|Any CPU
		{BB00A7E7-B391-41A9-9050-C8013F0A487E}.Debug|Any CPU.ActiveCfg = Debug|Any CPU
		{BB00A7E7-B391-41A9-9050-C8013F0A487E}.Debug|Any CPU.Build.0 = Debug|Any CPU
		{BB00A7E7-B391-41A9-9050-C8013F0A487E}.Release|Any CPU.ActiveCfg = Release|Any CPU
		{BB00A7E7-B391-41A9-9050-C8013F0A487E}.Release|Any CPU.Build.0 = Release|Any CPU
		{AF1590FF-17BB-43EC-9083-13BC4BACF1D9}.Debug|Any CPU.ActiveCfg = Debug|Any CPU
		{AF1590FF-17BB-43EC-9083-13BC4BACF1D9}.Debug|Any CPU.Build.0 = Debug|Any CPU
		{AF1590FF-17BB-43EC-9083-13BC4BACF1D9}.Release|Any CPU.ActiveCfg = Release|Any CPU
		{AF1590FF-17BB-43EC-9083-13BC4BACF1D9}.Release|Any CPU.Build.0 = Release|Any CPU
		{82348FC3-3385-4DDF-9B38-899A50CD5C79}.Debug|Any CPU.ActiveCfg = Debug|Any CPU
		{82348FC3-3385-4DDF-9B38-899A50CD5C79}.Debug|Any CPU.Build.0 = Debug|Any CPU
		{82348FC3-3385-4DDF-9B38-899A50CD5C79}.Release|Any CPU.ActiveCfg = Release|Any CPU
		{82348FC3-3385-4DDF-9B38-899A50CD5C79}.Release|Any CPU.Build.0 = Release|Any CPU
		{6F7C9D7E-10CA-428A-888E-D2E2EDFD7FCC}.Debug|Any CPU.ActiveCfg = Debug|Any CPU
		{6F7C9D7E-10CA-428A-888E-D2E2EDFD7FCC}.Debug|Any CPU.Build.0 = Debug|Any CPU
		{6F7C9D7E-10CA-428A-888E-D2E2EDFD7FCC}.Release|Any CPU.ActiveCfg = Release|Any CPU
		{6F7C9D7E-10CA-428A-888E-D2E2EDFD7FCC}.Release|Any CPU.Build.0 = Release|Any CPU
		{602F49DF-2326-4A3C-99CA-B20886503A2E}.Debug|Any CPU.ActiveCfg = Debug|Any CPU
		{602F49DF-2326-4A3C-99CA-B20886503A2E}.Debug|Any CPU.Build.0 = Debug|Any CPU
		{602F49DF-2326-4A3C-99CA-B20886503A2E}.Release|Any CPU.ActiveCfg = Release|Any CPU
		{602F49DF-2326-4A3C-99CA-B20886503A2E}.Release|Any CPU.Build.0 = Release|Any CPU
	EndGlobalSection
	GlobalSection(SolutionProperties) = preSolution
		HideSolutionNode = FALSE
	EndGlobalSection
	GlobalSection(NestedProjects) = preSolution
		{4928433C-2F11-4D10-92C4-661B04B9D3EB} = {79DD54EA-9003-45B4-AE19-C09DAF649F4E}
		{84A0D7D7-2C0F-44DC-A572-1DD41317A209} = {79DD54EA-9003-45B4-AE19-C09DAF649F4E}
		{06685AA2-DD92-4805-927F-414E3F167AA1} = {79DD54EA-9003-45B4-AE19-C09DAF649F4E}
		{D051653C-52D7-4CC6-9C34-D68AECEE83CA} = {6D1A5D96-ACFF-428A-ACF3-FAA0D3FC0C8C}
		{8ECC6BEB-7D24-47CD-AE8C-D34FAE7BBBED} = {6D1A5D96-ACFF-428A-ACF3-FAA0D3FC0C8C}
		{26C4AB69-F4A2-405F-B55E-60B463B10ACE} = {6D1A5D96-ACFF-428A-ACF3-FAA0D3FC0C8C}
		{674403FD-9C10-48C5-9578-9A5F3E7D2922} = {3BD1F4E8-338F-4087-BA6F-C73FD36080B9}
		{92439E3C-D47C-44B6-B692-0FC86E7A2E47} = {3BD1F4E8-338F-4087-BA6F-C73FD36080B9}
		{E423A6C1-F681-41B7-BDDE-09D8F67E3838} = {3BD1F4E8-338F-4087-BA6F-C73FD36080B9}
		{623D9DC9-7839-495B-AE57-FBA94EACBF22} = {5DC32C75-6DBE-4AA5-8067-42EE792AD374}
		{84D6B253-2106-4021-97F0-A4A2A2E81A54} = {5DC32C75-6DBE-4AA5-8067-42EE792AD374}
		{D6808BBA-FAF1-4981-8364-F152EB7FD57F} = {5DC32C75-6DBE-4AA5-8067-42EE792AD374}
		{D0C25064-5A46-4D3A-BF30-BC05BDDC04B1} = {0ACD3159-C643-431B-A1C8-53B7CCC0E5F4}
		{75564470-7CDD-4D12-B34B-16C152B5619F} = {0ACD3159-C643-431B-A1C8-53B7CCC0E5F4}
		{8570B941-E168-4DD0-9C75-9F568C88A269} = {0ACD3159-C643-431B-A1C8-53B7CCC0E5F4}
		{4FF5D8CF-A518-488C-A463-82283787121A} = {B2C9973B-B02B-413F-A130-C2D4A55966AA}
		{01420525-FAA3-4858-B3FB-BC23BEC89FD3} = {B2C9973B-B02B-413F-A130-C2D4A55966AA}
		{EBA5B0FC-10D7-465C-8A94-C00BA4FDC634} = {B2C9973B-B02B-413F-A130-C2D4A55966AA}
		{105DE777-1C9E-494B-A0AF-FD672A40C2EF} = {EA39055E-39A3-468C-AC4E-FA78F2E53FC4}
		{BB00A7E7-B391-41A9-9050-C8013F0A487E} = {EA39055E-39A3-468C-AC4E-FA78F2E53FC4}
		{AF1590FF-17BB-43EC-9083-13BC4BACF1D9} = {EA39055E-39A3-468C-AC4E-FA78F2E53FC4}
		{82348FC3-3385-4DDF-9B38-899A50CD5C79} = {190F5080-F4D0-4747-A6B9-6C206F073C22}
		{6F7C9D7E-10CA-428A-888E-D2E2EDFD7FCC} = {190F5080-F4D0-4747-A6B9-6C206F073C22}
		{602F49DF-2326-4A3C-99CA-B20886503A2E} = {190F5080-F4D0-4747-A6B9-6C206F073C22}
	EndGlobalSection
	GlobalSection(ExtensibilityGlobals) = postSolution
		SolutionGuid = {0C580DA1-C539-4966-A56A-176067A84C97}
	EndGlobalSection
EndGlobal
